SITE
  remote: http://community.opscode.com/api/v1
  specs:
    apt (1.9.0)
    ark (0.4.0)
    aws (1.0.0)
    build-essential (1.3.4)
    chef-client (2.2.2)
      cron (>= 0.0.0)
    chef_gem (0.1.0)
    chef_handler (1.1.4)
    cron (1.2.2)
    dmg (1.1.0)
    git (2.4.0)
      build-essential (>= 0.0.0)
      dmg (>= 0.0.0)
      runit (~> 1.0)
      windows (>= 0.0.0)
      yum (>= 0.0.0)
    memcached (1.4.0)
      runit (~> 1.0)
      yum (>= 0.0.0)
    mysql (3.0.2)
      build-essential (> 1.1.0)
      openssl (>= 0.0.0)
    nginx (1.7.0)
      apt (>= 0.0.0)
      build-essential (>= 0.0.0)
      ohai (>= 1.1.4)
      runit (>= 0.0.0)
      yum (>= 0.0.0)
    nodejs (1.1.2)
      apt (>= 0.0.0)
      build-essential (>= 0.0.0)
    ntp (1.3.2)
    ohai (1.1.10)
    openssl (1.0.2)
    postfix (2.1.6)
    python (1.4.0)
      build-essential (>= 0.0.0)
      yum (>= 0.0.0)
    runit (1.1.2)
      build-essential (>= 0.0.0)
      yum (>= 0.0.0)
    windows (1.8.8)
      chef_handler (>= 0.0.0)
    xml (1.1.2)
      build-essential (>= 0.0.0)
    xslt (0.0.1)
    yum (2.2.0)

GIT
  remote: git@github.com:theodi/chef-libcurl.git
  ref: master
  sha: 3473e7424f1eaa673766c9d09fa0135733ece81d
  specs:
    libcurl (0.1.0)

GIT
  remote: git@github.com:theodi/chef-sqlite.git
  ref: master
  sha: d44f9eae431a29fd908e60d485636232739b9b4d
  specs:
    sqlite (0.1.0)

GIT
  remote: https://github.com/RichGuk/chef-capybara-webkit
  ref: master
  sha: 891ec6bd663ae4f768bd729054585fb713245d78
  specs:
    capybara-webkit (0.1.0)

GIT
  remote: https://github.com/edelight/chef-mongodb
  ref: master
  sha: e56f80b599e05ff46039b09a0fa65d325c4ba46b
  specs:
    mongodb (0.12.0)
      apt (>= 1.8.2)
      yum (>= 0.0.0)

GIT
  remote: https://github.com/elasticsearch/cookbook-elasticsearch
  ref: master
  sha: e61969cd2550d63d9d9ff3964fc5616f25f3dec9
  specs:
    elasticsearch (0.3.7)
      ark (>= 0.0.0)

GIT
  remote: https://github.com/fnichol/chef-rvm
  ref: master
  sha: 26ad5c043c70ea98855a049fbbacb7ffc5ad73e3
  specs:
    rvm (0.9.1)
      chef_gem (>= 0.0.0)

GIT
  remote: https://github.com/librato/statsd-cookbook
  ref: master
  sha: be5de4f7a6c78479947bd6c82d4c01d3a1c41f27
  specs:
    statsd (0.1.1)
      build-essential (>= 0.0.0)
      git (>= 0.0.0)
      nodejs (>= 0.5.2)

GIT
  remote: https://github.com/opscode-cookbooks/fail2ban
  ref: master
  sha: 4a652e0f0128d68c156c3e1d2ccd436b2860b94f
  specs:
    fail2ban (1.2.5)
      yum (>= 0.0.0)

GIT
  remote: https://github.com/opscode-cookbooks/imagemagick
  ref: master
  sha: e80c1ca66b0a905cbb6096ee1e5fa19911067208
  specs:
    ImageMagick (0.2.2)

GIT
  remote: https://github.com/opscode-cookbooks/java
  ref: master
  sha: 4d3aa1007040374b6b182d964bf24be6272d95ad
  specs:
    java (1.15.5)
      aws (>= 0.0.0)
      windows (>= 0.0.0)

GIT
  remote: https://github.com/opscode-cookbooks/varnish
  ref: master
  sha: 6eb6faa965adc21edc6921087acf793aa965164d
  specs:
    varnish (0.9.9)

GIT
  remote: https://github.com/racker/cookbook-cloudmonitoring
  ref: master
  sha: ba2bbffc00c7650fcb27c4e3dbf5389260e20bb9
  specs:
    cloud_monitoring (1.0.4)
      apt (>= 1.4.2)
      python (>= 0.0.0)
      xml (>= 0.0.0)
      yum (>= 0.0.0)

GIT
  remote: https://github.com/theodi/chef-dictionary
  ref: master
  sha: 1ea6ff5a5cf716f50f0bf428688e9e3916bff30d
  specs:
    dictionary (0.1.0)

GIT
  remote: https://github.com/theodi/chef-envbuilder
  ref: master
  sha: 27252c8b85be41067ce364d62f9779855c5108b0
  specs:
    envbuilder (0.2.0)

DEPENDENCIES
  ImageMagick (>= 0)
  apt (= 1.9.0)
  build-essential (>= 0)
  capybara-webkit (>= 0)
  chef-client (>= 0)
  cloud_monitoring (>= 0)
  dictionary (>= 0)
  elasticsearch (>= 0)
  envbuilder (>= 0)
  fail2ban (>= 0)
  git (>= 0)
  java (>= 0)
  libcurl (>= 0)
  memcached (>= 0)
  mongodb (>= 0)
  mysql (>= 0)
  nginx (>= 0)
  nodejs (>= 0)
  ntp (>= 0)
  postfix (>= 0)
  rvm (>= 0)
  sqlite (>= 0)
  statsd (>= 0)
  varnish (>= 0)
  xml (>= 0)
  xslt (>= 0)

