SITE
  remote: http://community.opscode.com/api/v1
  specs:
    apt (1.9.0)
    build-essential (1.3.4)
    chef-client (2.2.2)
      cron (>= 0.0.0)
    chef_handler (1.1.4)
    cron (1.2.2)
    dmg (1.1.0)
    git (2.4.0)
      build-essential (>= 0.0.0)
      dmg (>= 0.0.0)
      runit (~> 1.0)
      windows (>= 0.0.0)
      yum (>= 0.0.0)
    ntp (1.3.2)
    postfix (2.1.6)
    runit (1.1.2)
      build-essential (>= 0.0.0)
      yum (>= 0.0.0)
    windows (1.8.8)
      chef_handler (>= 0.0.0)
    yum (2.2.0)

GIT
  remote: https://github.com/edelight/chef-mongodb
  ref: master
  sha: e56f80b599e05ff46039b09a0fa65d325c4ba46b
  specs:
    mongodb (0.12.0)
      apt (>= 1.8.2)
      yum (>= 0.0.0)

DEPENDENCIES
  apt (= 1.9.0)
  build-essential (>= 0)
  chef-client (>= 0)
  git (>= 0)
  mongodb (>= 0)
  ntp (>= 0)
  postfix (>= 0)

